
Microsoft Visual Studio Solution File, Format Version 12.00
# Visual Studio Version 17
VisualStudioVersion = 17.7.34024.191
MinimumVisualStudioVersion = 10.0.40219.1
Project("{FAE04EC0-301F-11D3-BF4B-00C04F79EFBC}") = "ASP_NET_8", "ASP_NET_8\ASP_NET_8.csproj", "{A20653E8-DB43-4977-9140-DDFEB4A0B10E}"
EndProject
Global
	GlobalSection(SolutionConfigurationPlatforms) = preSolution
		Debug|Any CPU = Debug|Any CPU
		Release|Any CPU = Release|Any CPU
	EndGlobalSection
	GlobalSection(ProjectConfigurationPlatforms) = postSolution
		{A20653E8-DB43-4977-9140-DDFEB4A0B10E}.Debug|Any CPU.ActiveCfg = Debug|Any CPU
		{A20653E8-DB43-4977-9140-DDFEB4A0B10E}.Debug|Any CPU.Build.0 = Debug|Any CPU
		{A20653E8-DB43-4977-9140-DDFEB4A0B10E}.Release|Any CPU.ActiveCfg = Release|Any CPU
		{A20653E8-DB43-4977-9140-DDFEB4A0B10E}.Release|Any CPU.Build.0 = Release|Any CPU
	EndGlobalSection
	GlobalSection(SolutionProperties) = preSolution
		HideSolutionNode = FALSE
	EndGlobalSection
	GlobalSection(ExtensibilityGlobals) = postSolution
		SolutionGuid = {49BFCF38-59E3-4D3B-9D7C-CE1409E4B28B}
	EndGlobalSection
EndGlobal
